
Microsoft Visual Studio Solution File, Format Version 12.00
# Visual Studio Version 17
VisualStudioVersion = 17.10.35013.160
MinimumVisualStudioVersion = 10.0.40219.1
Project("{FAE04EC0-301F-11D3-BF4B-00C04F79EFBC}") = "WinformControl", "WinformControl\WinformControl.csproj", "{F03C53FA-985A-49D4-B909-C1F441F2E624}"
EndProject
Global
	GlobalSection(SolutionConfigurationPlatforms) = preSolution
		Debug|Any CPU = Debug|Any CPU
		Release|Any CPU = Release|Any CPU
	EndGlobalSection
	GlobalSection(ProjectConfigurationPlatforms) = postSolution
		{F03C53FA-985A-49D4-B909-C1F441F2E624}.Debug|Any CPU.ActiveCfg = Debug|Any CPU
		{F03C53FA-985A-49D4-B909-C1F441F2E624}.Debug|Any CPU.Build.0 = Debug|Any CPU
		{F03C53FA-985A-49D4-B909-C1F441F2E624}.Release|Any CPU.ActiveCfg = Release|Any CPU
		{F03C53FA-985A-49D4-B909-C1F441F2E624}.Release|Any CPU.Build.0 = Release|Any CPU
	EndGlobalSection
	GlobalSection(SolutionProperties) = preSolution
		HideSolutionNode = FALSE
	EndGlobalSection
	GlobalSection(ExtensibilityGlobals) = postSolution
		SolutionGuid = {6C0112F8-C04E-4018-813C-D45FD4781797}
	EndGlobalSection
EndGlobal
